<Solution>
  <Folder Name="/src/">
    <Project Path="src/BoardLens.App/BoardLens.App.csproj" />
    <Project Path="src/BoardLens.Cli/BoardLens.Cli.csproj" />
    <Project Path="src/BoardLens.Core/BoardLens.Core.csproj" />
    <Project Path="src/BoardLens.Infrastructure/BoardLens.Infrastructure.csproj" />
    <Project Path="src/BoardLens.Platform.Linux/BoardLens.Platform.Linux.csproj" />
    <Project Path="src/BoardLens.Platform.MacOS/BoardLens.Platform.MacOS.csproj" />
    <Project Path="src/BoardLens.Platform.Windows/BoardLens.Platform.Windows.csproj" />
  </Folder>
  <Folder Name="/tests/">
    <Project Path="tests/BoardLens.Tests/BoardLens.Tests.csproj" />
  </Folder>
</Solution>
